#
# This file is autogenerated by pip-compile with Python 3.12
# by the following command:
#
#    pip-compile --extra=ocr --extra=web --output-file=requirements.lock --strip-extras pyproject.toml
#
annotated-doc==0.0.4
    # via fastapi
annotated-types==0.7.0
    # via pydantic
anthropic==0.86.0
    # via worship-catalog (pyproject.toml)
anyio==4.12.1
    # via
    #   anthropic
    #   httpx
    #   starlette
certifi==2026.2.25
    # via
    #   httpcore
    #   httpx
click==8.3.1
    # via
    #   uvicorn
    #   worship-catalog (pyproject.toml)
distro==1.9.0
    # via anthropic
docstring-parser==0.17.0
    # via anthropic
fastapi==0.135.1
    # via worship-catalog (pyproject.toml)
h11==0.16.0
    # via
    #   httpcore
    #   uvicorn
httpcore==1.0.9
    # via httpx
httpx==0.28.1
    # via anthropic
idna==3.11
    # via
    #   anyio
    #   httpx
itsdangerous==2.2.0
    # via starlette-csrf
jinja2==3.1.6
    # via worship-catalog (pyproject.toml)
jiter==0.13.0
    # via anthropic
lxml==6.0.2
    # via python-pptx
markupsafe==3.0.3
    # via jinja2
pillow==12.1.1
    # via python-pptx
pydantic==2.12.5
    # via
    #   anthropic
    #   fastapi
    #   worship-catalog (pyproject.toml)
pydantic-core==2.41.5
    # via pydantic
python-multipart==0.0.22
    # via worship-catalog (pyproject.toml)
python-pptx==1.0.2
    # via worship-catalog (pyproject.toml)
pyyaml==6.0.3
    # via worship-catalog (pyproject.toml)
sniffio==1.3.1
    # via anthropic
starlette==0.52.1
    # via
    #   fastapi
    #   starlette-csrf
starlette-csrf==3.0.0
    # via worship-catalog (pyproject.toml)
typing-extensions==4.15.0
    # via
    #   anthropic
    #   anyio
    #   fastapi
    #   pydantic
    #   pydantic-core
    #   python-pptx
    #   starlette
    #   typing-inspection
typing-inspection==0.4.2
    # via
    #   fastapi
    #   pydantic
uvicorn==0.42.0
    # via worship-catalog (pyproject.toml)
xlsxwriter==3.2.9
    # via python-pptx
